// !$*UTF8*$!
{
	archiveVersion = 1;
	classes = {
	};
	objectVersion = 46;
	objects = {

/* Begin PBXBuildFile section */
		4FBC60691B02912F00DA8901 /* AppDelegate.swift in Sources */ = {isa = PBXBuildFile; fileRef = 4FBC60681B02912F00DA8901 /* AppDelegate.swift */; };
		4FBC606B1B02912F00DA8901 /* ViewController.swift in Sources */ = {isa = PBXBuildFile; fileRef = 4FBC606A1B02912F00DA8901 /* ViewController.swift */; };
		4FBC606E1B02912F00DA8901 /* Main.storyboard in Resources */ = {isa = PBXBuildFile; fileRef = 4FBC606C1B02912F00DA8901 /* Main.storyboard */; };
		4FBC60701B02912F00DA8901 /* Images.xcassets in Resources */ = {isa = PBXBuildFile; fileRef = 4FBC606F1B02912F00DA8901 /* Images.xcassets */; };
		4FBC60731B02912F00DA8901 /* LaunchScreen.xib in Resources */ = {isa = PBXBuildFile; fileRef = 4FBC60711B02912F00DA8901 /* LaunchScreen.xib */; };
		4FBC607F1B02913000DA8901 /* ColorMakerSlidersTests.swift in Sources */ = {isa = PBXBuildFile; fileRef = 4FBC607E1B02913000DA8901 /* ColorMakerSlidersTests.swift */; };
/* End PBXBuildFile section */

/* Begin PBXContainerItemProxy section */
		4FBC60791B02913000DA8901 /* PBXContainerItemProxy */ = {
			isa = PBXContainerItemProxy;
			containerPortal = 4FBC605B1B02912F00DA8901 /* Project object */;
			proxyType = 1;
			remoteGlobalIDString = 4FBC60621B02912F00DA8901;
			remoteInfo = ColorMakerSliders;
		};
/* End PBXContainerItemProxy section */

/* Begin PBXFileReference section */
		4FBC60631B02912F00DA8901 /* ColorMakerSliders.app */ = {isa = PBXFileReference; explicitFileType = wrapper.application; includeInIndex = 0; path = ColorMakerSliders.app; sourceTree = BUILT_PRODUCTS_DIR; };
		4FBC60671B02912F00DA8901 /* Info.plist */ = {isa = PBXFileReference; lastKnownFileType = text.plist.xml; path = Info.plist; sourceTree = "<group>"; };
		4FBC60681B02912F00DA8901 /* AppDelegate.swift */ = {isa = PBXFileReference; lastKnownFileType = sourcecode.swift; path = AppDelegate.swift; sourceTree = "<group>"; };
		4FBC606A1B02912F00DA8901 /* ViewController.swift */ = {isa = PBXFileReference; lastKnownFileType = sourcecode.swift; path = ViewController.swift; sourceTree = "<group>"; };
		4FBC606D1B02912F00DA8901 /* Base */ = {isa = PBXFileReference; lastKnownFileType = file.storyboard; name = Base; path = Base.lproj/Main.storyboard; sourceTree = "<group>"; };
		4FBC606F1B02912F00DA8901 /* Images.xcassets */ = {isa = PBXFileReference; lastKnownFileType = folder.assetcatalog; path = Images.xcassets; sourceTree = "<group>"; };
		4FBC60721B02912F00DA8901 /* Base */ = {isa = PBXFileReference; lastKnownFileType = file.xib; name = Base; path = Base.lproj/LaunchScreen.xib; sourceTree = "<group>"; };
		4FBC60781B02913000DA8901 /* ColorMakerSlidersTests.xctest */ = {isa = PBXFileReference; explicitFileType = wrapper.cfbundle; includeInIndex = 0; path = ColorMakerSlidersTests.xctest; sourceTree = BUILT_PRODUCTS_DIR; };
		4FBC607D1B02913000DA8901 /* Info.plist */ = {isa = PBXFileReference; lastKnownFileType = text.plist.xml; path = Info.plist; sourceTree = "<group>"; };
		4FBC607E1B02913000DA8901 /* ColorMakerSlidersTests.swift */ = {isa = PBXFileReference; lastKnownFileType = sourcecode.swift; path = ColorMakerSlidersTests.swift; sourceTree = "<group>"; };
/* End PBXFileReference section */

/* Begin PBXFrameworksBuildPhase section */
		4FBC60601B02912F00DA8901 /* Frameworks */ = {
			isa = PBXFrameworksBuildPhase;
			buildActionMask = 2147483647;
			files = (
			);
			runOnlyForDeploymentPostprocessing = 0;
		};
		4FBC60751B02913000DA8901 /* Frameworks */ = {
			isa = PBXFrameworksBuildPhase;
			buildActionMask = 2147483647;
			files = (
			);
			runOnlyForDeploymentPostprocessing = 0;
		};
/* End PBXFrameworksBuildPhase section */

/* Begin PBXGroup section */
		4FBC605A1B02912F00DA8901 = {
			isa = PBXGroup;
			children = (
				4FBC60651B02912F00DA8901 /* ColorMakerSliders */,
				4FBC607B1B02913000DA8901 /* ColorMakerSlidersTests */,
				4FBC60641B02912F00DA8901 /* Products */,
			);
			sourceTree = "<group>";
		};
		4FBC60641B02912F00DA8901 /* Products */ = {
			isa = PBXGroup;
			children = (
				4FBC60631B02912F00DA8901 /* ColorMakerSliders.app */,
				4FBC60781B02913000DA8901 /* ColorMakerSlidersTests.xctest */,
			);
			name = Products;
			sourceTree = "<group>";
		};
		4FBC60651B02912F00DA8901 /* ColorMakerSliders */ = {
			isa = PBXGroup;
			children = (
				4FBC60681B02912F00DA8901 /* AppDelegate.swift */,
				4FBC606A1B02912F00DA8901 /* ViewController.swift */,
				4FBC606C1B02912F00DA8901 /* Main.storyboard */,
				4FBC606F1B02912F00DA8901 /* Images.xcassets */,
				4FBC60711B02912F00DA8901 /* LaunchScreen.xib */,
				4FBC60661B02912F00DA8901 /* Supporting Files */,
			);
			path = ColorMakerSliders;
			sourceTree = "<group>";
		};
		4FBC60661B02912F00DA8901 /* Supporting Files */ = {
			isa = PBXGroup;
			children = (
				4FBC60671B02912F00DA8901 /* Info.plist */,
			);
			name = "Supporting Files";
			sourceTree = "<group>";
		};
		4FBC607B1B02913000DA8901 /* ColorMakerSlidersTests */ = {
			isa = PBXGroup;
			children = (
				4FBC607E1B02913000DA8901 /* ColorMakerSlidersTests.swift */,
				4FBC607C1B02913000DA8901 /* Supporting Files */,
			);
			path = ColorMakerSlidersTests;
			sourceTree = "<group>";
		};
		4FBC607C1B02913000DA8901 /* Supporting Files */ = {
			isa = PBXGroup;
			children = (
				4FBC607D1B02913000DA8901 /* Info.plist */,
			);
			name = "Supporting Files";
			sourceTree = "<group>";
		};
/* End PBXGroup section */

/* Begin PBXNativeTarget section */
		4FBC60621B02912F00DA8901 /* ColorMakerSliders */ = {
			isa = PBXNativeTarget;
			buildConfigurationList = 4FBC60821B02913000DA8901 /* Build configuration list for PBXNativeTarget "ColorMakerSliders" */;
			buildPhases = (
				4FBC605F1B02912F00DA8901 /* Sources */,
				4FBC60601B02912F00DA8901 /* Frameworks */,
				4FBC60611B02912F00DA8901 /* Resources */,
			);
			buildRules = (
			);
			dependencies = (
			);
			name = ColorMakerSliders;
			productName = ColorMakerSliders;
			productReference = 4FBC60631B02912F00DA8901 /* ColorMakerSliders.app */;
			productType = "com.apple.product-type.application";
		};
		4FBC60771B02913000DA8901 /* ColorMakerSlidersTests */ = {
			isa = PBXNativeTarget;
			buildConfigurationList = 4FBC60851B02913000DA8901 /* Build configuration list for PBXNativeTarget "ColorMakerSlidersTests" */;
			buildPhases = (
				4FBC60741B02913000DA8901 /* Sources */,
				4FBC60751B02913000DA8901 /* Frameworks */,
				4FBC60761B02913000DA8901 /* Resources */,
			);
			buildRules = (
			);
			dependencies = (
				4FBC607A1B02913000DA8901 /* PBXTargetDependency */,
			);
			name = ColorMakerSlidersTests;
			productName = ColorMakerSlidersTests;
			productReference = 4FBC60781B02913000DA8901 /* ColorMakerSlidersTests.xctest */;
			productType = "com.apple.product-type.bundle.unit-test";
		};
/* End PBXNativeTarget section */

/* Begin PBXProject section */
		4FBC605B1B02912F00DA8901 /* Project object */ = {
			isa = PBXProject;
			attributes = {
				LastUpgradeCheck = 0630;
				ORGANIZATIONNAME = Michael;
				TargetAttributes = {
					4FBC60621B02912F00DA8901 = {
						CreatedOnToolsVersion = 6.3.1;
					};
					4FBC60771B02913000DA8901 = {
						CreatedOnToolsVersion = 6.3.1;
						TestTargetID = 4FBC60621B02912F00DA8901;
					};
				};
			};
			buildConfigurationList = 4FBC605E1B02912F00DA8901 /* Build configuration list for PBXProject "ColorMakerSliders" */;
			compatibilityVersion = "Xcode 3.2";
			developmentRegion = English;
			hasScannedForEncodings = 0;
			knownRegions = (
				en,
				Base,
			);
			mainGroup = 4FBC605A1B02912F00DA8901;
			productRefGroup = 4FBC60641B02912F00DA8901 /* Products */;
			projectDirPath = "";
			projectRoot = "";
			targets = (
				4FBC60621B02912F00DA8901 /* ColorMakerSliders */,
				4FBC60771B02913000DA8901 /* ColorMakerSlidersTests */,
			);
		};
/* End PBXProject section */

/* Begin PBXResourcesBuildPhase section */
		4FBC60611B02912F00DA8901 /* Resources */ = {
			isa = PBXResourcesBuildPhase;
			buildActionMask = 2147483647;
			files = (
				4FBC606E1B02912F00DA8901 /* Main.storyboard in Resources */,
				4FBC60731B02912F00DA8901 /* LaunchScreen.xib in Resources */,
				4FBC60701B02912F00DA8901 /* Images.xcassets in Resources */,
			);
			runOnlyForDeploymentPostprocessing = 0;
		};
		4FBC60761B02913000DA8901 /* Resources */ = {
			isa = PBXResourcesBuildPhase;
			buildActionMask = 2147483647;
			files = (
			);
			runOnlyForDeploymentPostprocessing = 0;
		};
/* End PBXResourcesBuildPhase section */

/* Begin PBXSourcesBuildPhase section */
		4FBC605F1B02912F00DA8901 /* Sources */ = {
			isa = PBXSourcesBuildPhase;
			buildActionMask = 2147483647;
			files = (
				4FBC606B1B02912F00DA8901 /* ViewController.swift in Sources */,
				4FBC60691B02912F00DA8901 /* AppDelegate.swift in Sources */,
			);
			runOnlyForDeploymentPostprocessing = 0;
		};
		4FBC60741B02913000DA8901 /* Sources */ = {
			isa = PBXSourcesBuildPhase;
			buildActionMask = 2147483647;
			files = (
				4FBC607F1B02913000DA8901 /* ColorMakerSlidersTests.swift in Sources */,
			);
			runOnlyForDeploymentPostprocessing = 0;
		};
/* End PBXSourcesBuildPhase section */

/* Begin PBXTargetDependency section */
		4FBC607A1B02913000DA8901 /* PBXTargetDependency */ = {
			isa = PBXTargetDependency;
			target = 4FBC60621B02912F00DA8901 /* ColorMakerSliders */;
			targetProxy = 4FBC60791B02913000DA8901 /* PBXContainerItemProxy */;
		};
/* End PBXTargetDependency section */

/* Begin PBXVariantGroup section */
		4FBC606C1B02912F00DA8901 /* Main.storyboard */ = {
			isa = PBXVariantGroup;
			children = (
				4FBC606D1B02912F00DA8901 /* Base */,
			);
			name = Main.storyboard;
			sourceTree = "<group>";
		};
		4FBC60711B02912F00DA8901 /* LaunchScreen.xib */ = {
			isa = PBXVariantGroup;
			children = (
				4FBC60721B02912F00DA8901 /* Base */,
			);
			name = LaunchScreen.xib;
			sourceTree = "<group>";
		};
/* End PBXVariantGroup section */

/* Begin XCBuildConfiguration section */
		4FBC60801B02913000DA8901 /* Debug */ = {
			isa = XCBuildConfiguration;
			buildSettings = {
				ALWAYS_SEARCH_USER_PATHS = NO;
				CLANG_CXX_LANGUAGE_STANDARD = "gnu++0x";
				CLANG_CXX_LIBRARY = "libc++";
				CLANG_ENABLE_MODULES = YES;
				CLANG_ENABLE_OBJC_ARC = YES;
				CLANG_WARN_BOOL_CONVERSION = YES;
				CLANG_WARN_CONSTANT_CONVERSION = YES;
				CLANG_WARN_DIRECT_OBJC_ISA_USAGE = YES_ERROR;
				CLANG_WARN_EMPTY_BODY = YES;
				CLANG_WARN_ENUM_CONVERSION = YES;
				CLANG_WARN_INT_CONVERSION = YES;
				CLANG_WARN_OBJC_ROOT_CLASS = YES_ERROR;
				CLANG_WARN_UNREACHABLE_CODE = YES;
				CLANG_WARN__DUPLICATE_METHOD_MATCH = YES;
				"CODE_SIGN_IDENTITY[sdk=iphoneos*]" = "iPhone Developer";
				COPY_PHASE_STRIP = NO;
				DEBUG_INFORMATION_FORMAT = "dwarf-with-dsym";
				ENABLE_STRICT_OBJC_MSGSEND = YES;
				GCC_C_LANGUAGE_STANDARD = gnu99;
				GCC_DYNAMIC_NO_PIC = NO;
				GCC_NO_COMMON_BLOCKS = YES;
				GCC_OPTIMIZATION_LEVEL = 0;
				GCC_PREPROCESSOR_DEFINITIONS = (
					"DEBUG=1",
					"$(inherited)",
				);
				GCC_SYMBOLS_PRIVATE_EXTERN = NO;
				GCC_WARN_64_TO_32_BIT_CONVERSION = YES;
				GCC_WARN_ABOUT_RETURN_TYPE = YES_ERROR;
				GCC_WARN_UNDECLARED_SELECTOR = YES;
				GCC_WARN_UNINITIALIZED_AUTOS = YES_AGGRESSIVE;
				GCC_WARN_UNUSED_FUNCTION = YES;
				GCC_WARN_UNUSED_VARIABLE = YES;
				IPHONEOS_DEPLOYMENT_TARGET = 8.3;
				MTL_ENABLE_DEBUG_INFO = YES;
				ONLY_ACTIVE_ARCH = YES;
				SDKROOT = iphoneos;
				SWIFT_OPTIMIZATION_LEVEL = "-Onone";
			};
			name = Debug;
		};
		4FBC60811B02913000DA8901 /* Release */ = {
			isa = XCBuildConfiguration;
			buildSettings = {
				ALWAYS_SEARCH_USER_PATHS = NO;
				CLANG_CXX_LANGUAGE_STANDARD = "gnu++0x";
				CLANG_CXX_LIBRARY = "libc++";
				CLANG_ENABLE_MODULES = YES;
				CLANG_ENABLE_OBJC_ARC = YES;
				CLANG_WARN_BOOL_CONVERSION = YES;
				CLANG_WARN_CONSTANT_CONVERSION = YES;
				CLANG_WARN_DIRECT_OBJC_ISA_USAGE = YES_ERROR;
				CLANG_WARN_EMPTY_BODY = YES;
				CLANG_WARN_ENUM_CONVERSION = YES;
				CLANG_WARN_INT_CONVERSION = YES;
				CLANG_WARN_OBJC_ROOT_CLASS = YES_ERROR;
				CLANG_WARN_UNREACHABLE_CODE = YES;
				CLANG_WARN__DUPLICATE_METHOD_MATCH = YES;
				"CODE_SIGN_IDENTITY[sdk=iphoneos*]" = "iPhone Developer";
				COPY_PHASE_STRIP = NO;
				DEBUG_INFORMATION_FORMAT = "dwarf-with-dsym";
				ENABLE_NS_ASSERTIONS = NO;
				ENABLE_STRICT_OBJC_MSGSEND = YES;
				GCC_C_LANGUAGE_STANDARD = gnu99;
				GCC_NO_COMMON_BLOCKS = YES;
				GCC_WARN_64_TO_32_BIT_CONVERSION = YES;
				GCC_WARN_ABOUT_RETURN_TYPE = YES_ERROR;
				GCC_WARN_UNDECLARED_SELECTOR = YES;
				GCC_WARN_UNINITIALIZED_AUTOS = YES_AGGRESSIVE;
				GCC_WARN_UNUSED_FUNCTION = YES;
				GCC_WARN_UNUSED_VARIABLE = YES;
				IPHONEOS_DEPLOYMENT_TARGET = 8.3;
				MTL_ENABLE_DEBUG_INFO = NO;
				SDKROOT = iphoneos;
				VALIDATE_PRODUCT = YES;
			};
			name = Release;
		};
		4FBC60831B02913000DA8901 /* Debug */ = {
			isa = XCBuildConfiguration;
			buildSettings = {
				ASSETCATALOG_COMPILER_APPICON_NAME = AppIcon;
				INFOPLIST_FILE = ColorMakerSliders/Info.plist;
				LD_RUNPATH_SEARCH_PATHS = "$(inherited) @executable_path/Frameworks";
				PRODUCT_NAME = "$(TARGET_NAME)";
			};
			name = Debug;
		};
		4FBC60841B02913000DA8901 /* Release */ = {
			isa = XCBuildConfiguration;
			buildSettings = {
				ASSETCATALOG_COMPILER_APPICON_NAME = AppIcon;
				INFOPLIST_FILE = ColorMakerSliders/Info.plist;
				LD_RUNPATH_SEARCH_PATHS = "$(inherited) @executable_path/Frameworks";
				PRODUCT_NAME = "$(TARGET_NAME)";
			};
			name = Release;
		};
		4FBC60861B02913000DA8901 /* Debug */ = {
			isa = XCBuildConfiguration;
			buildSettings = {
				BUNDLE_LOADER = "$(TEST_HOST)";
				FRAMEWORK_SEARCH_PATHS = (
					"$(SDKROOT)/Developer/Library/Frameworks",
					"$(inherited)",
				);
				GCC_PREPROCESSOR_DEFINITIONS = (
					"DEBUG=1",
					"$(inherited)",
				);
				INFOPLIST_FILE = ColorMakerSlidersTests/Info.plist;
				LD_RUNPATH_SEARCH_PATHS = "$(inherited) @executable_path/Frameworks @loader_path/Frameworks";
				PRODUCT_NAME = "$(TARGET_NAME)";
				TEST_HOST = "$(BUILT_PRODUCTS_DIR)/ColorMakerSliders.app/ColorMakerSliders";
			};
			name = Debug;
		};
		4FBC60871B02913000DA8901 /* Release */ = {
			isa = XCBuildConfiguration;
			buildSettings = {
				BUNDLE_LOADER = "$(TEST_HOST)";
				FRAMEWORK_SEARCH_PATHS = (
					"$(SDKROOT)/Developer/Library/Frameworks",
					"$(inherited)",
				);
				INFOPLIST_FILE = ColorMakerSlidersTests/Info.plist;
				LD_RUNPATH_SEARCH_PATHS = "$(inherited) @executable_path/Frameworks @loader_path/Frameworks";
				PRODUCT_NAME = "$(TARGET_NAME)";
				TEST_HOST = "$(BUILT_PRODUCTS_DIR)/ColorMakerSliders.app/ColorMakerSliders";
			};
			name = Release;
		};
/* End XCBuildConfiguration section */

/* Begin XCConfigurationList section */
		4FBC605E1B02912F00DA8901 /* Build configuration list for PBXProject "ColorMakerSliders" */ = {
			isa = XCConfigurationList;
			buildConfigurations = (
				4FBC60801B02913000DA8901 /* Debug */,
				4FBC60811B02913000DA8901 /* Release */,
			);
			defaultConfigurationIsVisible = 0;
			defaultConfigurationName = Release;
		};
		4FBC60821B02913000DA8901 /* Build configuration list for PBXNativeTarget "ColorMakerSliders" */ = {
			isa = XCConfigurationList;
			buildConfigurations = (
				4FBC60831B02913000DA8901 /* Debug */,
				4FBC60841B02913000DA8901 /* Release */,
			);
			defaultConfigurationIsVisible = 0;
		};
		4FBC60851B02913000DA8901 /* Build configuration list for PBXNativeTarget "ColorMakerSlidersTests" */ = {
			isa = XCConfigurationList;
			buildConfigurations = (
				4FBC60861B02913000DA8901 /* Debug */,
				4FBC60871B02913000DA8901 /* Release */,
			);
			defaultConfigurationIsVisible = 0;
		};
/* End XCConfigurationList section */
	};
	rootObject = 4FBC605B1B02912F00DA8901 /* Project object */;
}
